
Microsoft Visual Studio Solution File, Format Version 12.00
# Visual Studio 15
VisualStudioVersion = 15.0.28307.705
MinimumVisualStudioVersion = 10.0.40219.1
Project("{FAE04EC0-301F-11D3-BF4B-00C04F79EFBC}") = "DatabaseLayer", "DatabaseLayer\DatabaseLayer.csproj", "{75F81543-380D-4A4A-8989-C953CDBF834C}"
EndProject
Project("{FAE04EC0-301F-11D3-BF4B-00C04F79EFBC}") = "ServiceLayer", "ServiceLayer\ServiceLayer.csproj", "{4CA2C3DE-3024-4952-8BCE-81771B7A2C56}"
EndProject
Project("{FAE04EC0-301F-11D3-BF4B-00C04F79EFBC}") = "Orhedge", "Orhedge\Orhedge.csproj", "{69345465-11A8-4FBA-831B-A2D85306235F}"
	ProjectSection(ProjectDependencies) = postProject
		{4CA2C3DE-3024-4952-8BCE-81771B7A2C56} = {4CA2C3DE-3024-4952-8BCE-81771B7A2C56}
	EndProjectSection
EndProject
Global
	GlobalSection(SolutionConfigurationPlatforms) = preSolution
		Debug|Any CPU = Debug|Any CPU
		Release|Any CPU = Release|Any CPU
	EndGlobalSection
	GlobalSection(ProjectConfigurationPlatforms) = postSolution
		{75F81543-380D-4A4A-8989-C953CDBF834C}.Debug|Any CPU.ActiveCfg = Debug|Any CPU
		{75F81543-380D-4A4A-8989-C953CDBF834C}.Debug|Any CPU.Build.0 = Debug|Any CPU
		{75F81543-380D-4A4A-8989-C953CDBF834C}.Release|Any CPU.ActiveCfg = Release|Any CPU
		{75F81543-380D-4A4A-8989-C953CDBF834C}.Release|Any CPU.Build.0 = Release|Any CPU
		{4CA2C3DE-3024-4952-8BCE-81771B7A2C56}.Debug|Any CPU.ActiveCfg = Debug|Any CPU
		{4CA2C3DE-3024-4952-8BCE-81771B7A2C56}.Debug|Any CPU.Build.0 = Debug|Any CPU
		{4CA2C3DE-3024-4952-8BCE-81771B7A2C56}.Release|Any CPU.ActiveCfg = Release|Any CPU
		{4CA2C3DE-3024-4952-8BCE-81771B7A2C56}.Release|Any CPU.Build.0 = Release|Any CPU
		{69345465-11A8-4FBA-831B-A2D85306235F}.Debug|Any CPU.ActiveCfg = Debug|Any CPU
		{69345465-11A8-4FBA-831B-A2D85306235F}.Debug|Any CPU.Build.0 = Debug|Any CPU
		{69345465-11A8-4FBA-831B-A2D85306235F}.Release|Any CPU.ActiveCfg = Release|Any CPU
		{69345465-11A8-4FBA-831B-A2D85306235F}.Release|Any CPU.Build.0 = Release|Any CPU
	EndGlobalSection
	GlobalSection(SolutionProperties) = preSolution
		HideSolutionNode = FALSE
	EndGlobalSection
	GlobalSection(ExtensibilityGlobals) = postSolution
		SolutionGuid = {8FBFE753-DC46-441F-8AF7-D2B165D85AF3}
	EndGlobalSection
EndGlobal
