
Microsoft Visual Studio Solution File, Format Version 12.00
# Visual Studio Version 16
VisualStudioVersion = 16.0.29509.3
MinimumVisualStudioVersion = 10.0.40219.1
Project("{9A19103F-16F7-4668-BE54-9A1E7A4F7556}") = "DatabaseLayer", "DatabaseLayer\DatabaseLayer.csproj", "{75F81543-380D-4A4A-8989-C953CDBF834C}"
EndProject
Project("{9A19103F-16F7-4668-BE54-9A1E7A4F7556}") = "ServiceLayer", "ServiceLayer\ServiceLayer.csproj", "{4CA2C3DE-3024-4952-8BCE-81771B7A2C56}"
EndProject
Project("{9A19103F-16F7-4668-BE54-9A1E7A4F7556}") = "Orhedge", "Orhedge\Orhedge.csproj", "{69345465-11A8-4FBA-831B-A2D85306235F}"
	ProjectSection(ProjectDependencies) = postProject
		{4CA2C3DE-3024-4952-8BCE-81771B7A2C56} = {4CA2C3DE-3024-4952-8BCE-81771B7A2C56}
	EndProjectSection
EndProject
Project("{9A19103F-16F7-4668-BE54-9A1E7A4F7556}") = "UnitTests", "UnitTests\UnitTests.csproj", "{7D51ED0F-E2EA-4854-B4BF-4DC00B9D2B91}"
EndProject
Global
	GlobalSection(SolutionConfigurationPlatforms) = preSolution
		Debug|Any CPU = Debug|Any CPU
		Debug|x64 = Debug|x64
		Release|Any CPU = Release|Any CPU
		Release|x64 = Release|x64
	EndGlobalSection
	GlobalSection(ProjectConfigurationPlatforms) = postSolution
		{75F81543-380D-4A4A-8989-C953CDBF834C}.Debug|Any CPU.ActiveCfg = Debug|Any CPU
		{75F81543-380D-4A4A-8989-C953CDBF834C}.Debug|Any CPU.Build.0 = Debug|Any CPU
		{75F81543-380D-4A4A-8989-C953CDBF834C}.Debug|x64.ActiveCfg = Debug|x64
		{75F81543-380D-4A4A-8989-C953CDBF834C}.Debug|x64.Build.0 = Debug|x64
		{75F81543-380D-4A4A-8989-C953CDBF834C}.Release|Any CPU.ActiveCfg = Release|Any CPU
		{75F81543-380D-4A4A-8989-C953CDBF834C}.Release|Any CPU.Build.0 = Release|Any CPU
		{75F81543-380D-4A4A-8989-C953CDBF834C}.Release|x64.ActiveCfg = Release|x64
		{75F81543-380D-4A4A-8989-C953CDBF834C}.Release|x64.Build.0 = Release|x64
		{4CA2C3DE-3024-4952-8BCE-81771B7A2C56}.Debug|Any CPU.ActiveCfg = Debug|Any CPU
		{4CA2C3DE-3024-4952-8BCE-81771B7A2C56}.Debug|Any CPU.Build.0 = Debug|Any CPU
		{4CA2C3DE-3024-4952-8BCE-81771B7A2C56}.Debug|x64.ActiveCfg = Debug|x64
		{4CA2C3DE-3024-4952-8BCE-81771B7A2C56}.Debug|x64.Build.0 = Debug|x64
		{4CA2C3DE-3024-4952-8BCE-81771B7A2C56}.Release|Any CPU.ActiveCfg = Release|Any CPU
		{4CA2C3DE-3024-4952-8BCE-81771B7A2C56}.Release|Any CPU.Build.0 = Release|Any CPU
		{4CA2C3DE-3024-4952-8BCE-81771B7A2C56}.Release|x64.ActiveCfg = Release|x64
		{4CA2C3DE-3024-4952-8BCE-81771B7A2C56}.Release|x64.Build.0 = Release|x64
		{69345465-11A8-4FBA-831B-A2D85306235F}.Debug|Any CPU.ActiveCfg = Debug|Any CPU
		{69345465-11A8-4FBA-831B-A2D85306235F}.Debug|Any CPU.Build.0 = Debug|Any CPU
		{69345465-11A8-4FBA-831B-A2D85306235F}.Debug|x64.ActiveCfg = Debug|x64
		{69345465-11A8-4FBA-831B-A2D85306235F}.Debug|x64.Build.0 = Debug|x64
		{69345465-11A8-4FBA-831B-A2D85306235F}.Release|Any CPU.ActiveCfg = Release|Any CPU
		{69345465-11A8-4FBA-831B-A2D85306235F}.Release|Any CPU.Build.0 = Release|Any CPU
		{69345465-11A8-4FBA-831B-A2D85306235F}.Release|x64.ActiveCfg = Release|x64
		{69345465-11A8-4FBA-831B-A2D85306235F}.Release|x64.Build.0 = Release|x64
		{7D51ED0F-E2EA-4854-B4BF-4DC00B9D2B91}.Debug|Any CPU.ActiveCfg = Debug|Any CPU
		{7D51ED0F-E2EA-4854-B4BF-4DC00B9D2B91}.Debug|Any CPU.Build.0 = Debug|Any CPU
		{7D51ED0F-E2EA-4854-B4BF-4DC00B9D2B91}.Debug|x64.ActiveCfg = Debug|x64
		{7D51ED0F-E2EA-4854-B4BF-4DC00B9D2B91}.Debug|x64.Build.0 = Debug|x64
		{7D51ED0F-E2EA-4854-B4BF-4DC00B9D2B91}.Release|Any CPU.ActiveCfg = Release|Any CPU
		{7D51ED0F-E2EA-4854-B4BF-4DC00B9D2B91}.Release|Any CPU.Build.0 = Release|Any CPU
		{7D51ED0F-E2EA-4854-B4BF-4DC00B9D2B91}.Release|x64.ActiveCfg = Release|x64
		{7D51ED0F-E2EA-4854-B4BF-4DC00B9D2B91}.Release|x64.Build.0 = Release|x64
	EndGlobalSection
	GlobalSection(SolutionProperties) = preSolution
		HideSolutionNode = FALSE
	EndGlobalSection
	GlobalSection(ExtensibilityGlobals) = postSolution
		SolutionGuid = {8FBFE753-DC46-441F-8AF7-D2B165D85AF3}
	EndGlobalSection
EndGlobal
